
Microsoft Visual Studio Solution File, Format Version 12.00
Project("{FAE04EC0-301F-11D3-BF4B-00C04F79EFBC}") = "CS-Base-Project", "CS-Base-Project\CS-Base-Project.csproj", "{D8FDDA1A-A61E-456D-A2CF-2B05B928272A}"
EndProject
Global
	GlobalSection(SolutionConfigurationPlatforms) = preSolution
		Debug|Any CPU = Debug|Any CPU
		Release|Any CPU = Release|Any CPU
	EndGlobalSection
	GlobalSection(ProjectConfigurationPlatforms) = postSolution
		{D8FDDA1A-A61E-456D-A2CF-2B05B928272A}.Debug|Any CPU.ActiveCfg = Debug|Any CPU
		{D8FDDA1A-A61E-456D-A2CF-2B05B928272A}.Debug|Any CPU.Build.0 = Debug|Any CPU
		{D8FDDA1A-A61E-456D-A2CF-2B05B928272A}.Release|Any CPU.ActiveCfg = Release|Any CPU
		{D8FDDA1A-A61E-456D-A2CF-2B05B928272A}.Release|Any CPU.Build.0 = Release|Any CPU
	EndGlobalSection
EndGlobal
